# This file is automatically @generated by Cargo.
# It is not intended for manual editing.
[[package]]
name = "MacTypes-sys"
version = "2.1.0"
source = "registry+https://github.com/rust-lang/crates.io-index"
checksum = "eaf9f0d0b1cc33a4d2aee14fb4b2eac03462ef4db29c8ac4057327d8a71ad86f"
dependencies = [
 "libc",
]

[[package]]
name = "adler32"
version = "1.0.2"
source = "registry+https://github.com/rust-lang/crates.io-index"
checksum = "6cbd0b9af8587c72beadc9f72d35b9fbb070982c9e6203e46e93f10df25f8f45"

[[package]]
name = "aho-corasick"
version = "0.7.3"
source = "registry+https://github.com/rust-lang/crates.io-index"
checksum = "e6f484ae0c99fec2e858eb6134949117399f222608d84cadb3f58c1f97c2364c"
dependencies = [
 "memchr",
]

[[package]]
name = "arrayvec"
version = "0.4.7"
source = "registry+https://github.com/rust-lang/crates.io-index"
checksum = "a1e964f9e24d588183fcb43503abda40d288c8657dfc27311516ce2f05675aef"
dependencies = [
 "nodrop",
]

[[package]]
name = "autocfg"
version = "0.1.2"
source = "registry+https://github.com/rust-lang/crates.io-index"
checksum = "a6d640bee2da49f60a4068a7fae53acde8982514ab7bae8b8cea9e88cbcfd799"

[[package]]
name = "backtrace"
version = "0.3.12"
source = "registry+https://github.com/rust-lang/crates.io-index"
checksum = "a2eff3830839471718ef8522b9025b399bfb713e25bc220da721364efb660d7d"
dependencies = [
 "backtrace-sys",
 "cfg-if",
 "libc",
 "rustc-demangle",
 "winapi 0.3.8",
]

[[package]]
name = "backtrace-sys"
version = "0.1.28"
source = "registry+https://github.com/rust-lang/crates.io-index"
checksum = "797c830ac25ccc92a7f8a7b9862bde440715531514594a6154e3d4a54dd769b6"
dependencies = [
 "cc",
 "libc",
]

[[package]]
name = "base64"
version = "0.10.1"
source = "registry+https://github.com/rust-lang/crates.io-index"
checksum = "0b25d992356d2eb0ed82172f5248873db5560c4721f564b13cb5193bda5e668e"
dependencies = [
 "byteorder",
]

[[package]]
name = "bitflags"
version = "1.0.1"
source = "registry+https://github.com/rust-lang/crates.io-index"
checksum = "b3c30d3802dfb7281680d6285f2ccdaa8c2d8fee41f93805dba5c4cf50dc23cf"

[[package]]
name = "build_const"
version = "0.2.1"
source = "registry+https://github.com/rust-lang/crates.io-index"
checksum = "39092a32794787acd8525ee150305ff051b0aa6cc2abaf193924f5ab05425f39"

[[package]]
name = "byteorder"
version = "1.3.1"
source = "registry+https://github.com/rust-lang/crates.io-index"
checksum = "a019b10a2a7cdeb292db131fc8113e57ea2a908f6e7894b0c3c671893b65dbeb"

[[package]]
name = "bytes"
version = "0.4.11"
source = "registry+https://github.com/rust-lang/crates.io-index"
checksum = "40ade3d27603c2cb345eb0912aec461a6dec7e06a4ae48589904e808335c7afa"
dependencies = [
 "byteorder",
 "iovec",
]

[[package]]
name = "cc"
version = "1.0.10"
source = "registry+https://github.com/rust-lang/crates.io-index"
checksum = "8b9d2900f78631a5876dc5d6c9033ede027253efcd33dd36b1309fc6cab97ee0"

[[package]]
name = "cfg-if"
version = "0.1.2"
source = "registry+https://github.com/rust-lang/crates.io-index"
checksum = "d4c819a1287eb618df47cc647173c5c4c66ba19d888a6e50d605672aed3140de"

[[package]]
name = "cloudabi"
version = "0.0.3"
source = "registry+https://github.com/rust-lang/crates.io-index"
checksum = "ddfc5b9aa5d4507acaf872de71051dfd0e309860e88966e1051e462a077aac4f"
dependencies = [
 "bitflags",
]

[[package]]
name = "cookie"
version = "0.12.0"
source = "registry+https://github.com/rust-lang/crates.io-index"
checksum = "888604f00b3db336d2af898ec3c1d5d0ddf5e6d462220f2ededc33a87ac4bbd5"
dependencies = [
 "time",
 "url",
]

[[package]]
name = "cookie_store"
version = "0.7.0"
source = "registry+https://github.com/rust-lang/crates.io-index"
checksum = "46750b3f362965f197996c4448e4a0935e791bf7d6631bfce9ee0af3d24c919c"
dependencies = [
 "cookie",
 "failure",
 "idna",
 "log",
 "publicsuffix",
 "serde",
 "serde_json",
 "time",
 "try_from",
 "url",
]

[[package]]
name = "core-foundation"
version = "0.5.1"
source = "registry+https://github.com/rust-lang/crates.io-index"
checksum = "286e0b41c3a20da26536c6000a280585d519fd07b3956b43aed8a79e9edce980"
dependencies = [
 "core-foundation-sys",
 "libc",
]

[[package]]
name = "core-foundation-sys"
version = "0.5.1"
source = "registry+https://github.com/rust-lang/crates.io-index"
checksum = "716c271e8613ace48344f723b60b900a93150271e5be206212d052bbc0883efa"
dependencies = [
 "libc",
]

[[package]]
name = "crc"
version = "1.8.1"
source = "registry+https://github.com/rust-lang/crates.io-index"
checksum = "d663548de7f5cca343f1e0a48d14dcfb0e9eb4e079ec58883b7251539fa10aeb"
dependencies = [
 "build_const",
]

[[package]]
name = "crc32fast"
version = "1.1.2"
source = "registry+https://github.com/rust-lang/crates.io-index"
checksum = "e91d5240c6975ef33aeb5f148f35275c25eda8e8a5f95abe421978b05b8bf192"
dependencies = [
 "cfg-if",
]

[[package]]
name = "crossbeam"
version = "0.6.0"
source = "registry+https://github.com/rust-lang/crates.io-index"
checksum = "ad4c7ea749d9fb09e23c5cb17e3b70650860553a0e2744e38446b1803bf7db94"
dependencies = [
 "cfg-if",
 "crossbeam-channel",
 "crossbeam-deque",
 "crossbeam-epoch",
 "crossbeam-utils",
 "lazy_static",
 "num_cpus",
 "parking_lot",
]

[[package]]
name = "crossbeam-channel"
version = "0.3.8"
source = "registry+https://github.com/rust-lang/crates.io-index"
checksum = "0f0ed1a4de2235cabda8558ff5840bffb97fcb64c97827f354a451307df5f72b"
dependencies = [
 "crossbeam-utils",
 "smallvec",
]

[[package]]
name = "crossbeam-deque"
version = "0.6.3"
source = "registry+https://github.com/rust-lang/crates.io-index"
checksum = "05e44b8cf3e1a625844d1750e1f7820da46044ff6d28f4d43e455ba3e5bb2c13"
dependencies = [
 "crossbeam-epoch",
 "crossbeam-utils",
]

[[package]]
name = "crossbeam-epoch"
version = "0.7.1"
source = "registry+https://github.com/rust-lang/crates.io-index"
checksum = "04c9e3102cc2d69cd681412141b390abd55a362afc1540965dad0ad4d34280b4"
dependencies = [
 "arrayvec",
 "cfg-if",
 "crossbeam-utils",
 "lazy_static",
 "memoffset",
 "scopeguard",
]

[[package]]
name = "crossbeam-utils"
version = "0.6.5"
source = "registry+https://github.com/rust-lang/crates.io-index"
checksum = "f8306fcef4a7b563b76b7dd949ca48f52bc1141aa067d2ea09565f3e2652aa5c"
dependencies = [
 "cfg-if",
 "lazy_static",
]

[[package]]
name = "dtoa"
version = "0.4.2"
source = "registry+https://github.com/rust-lang/crates.io-index"
checksum = "09c3753c3db574d215cba4ea76018483895d7bff25a31b49ba45db21c48e50ab"

[[package]]
name = "encoding_rs"
version = "0.8.15"
source = "registry+https://github.com/rust-lang/crates.io-index"
checksum = "fd251508d65030820f3a4317af2248180db337fdb25d89967956242580277813"
dependencies = [
 "cfg-if",
]

[[package]]
name = "error-chain"
version = "0.12.0"
source = "registry+https://github.com/rust-lang/crates.io-index"
checksum = "07e791d3be96241c77c43846b665ef1384606da2cd2a48730abe606a12906e02"
dependencies = [
 "backtrace",
]

[[package]]
name = "failure"
version = "0.1.5"
source = "registry+https://github.com/rust-lang/crates.io-index"
checksum = "795bd83d3abeb9220f257e597aa0080a508b27533824adf336529648f6abf7e2"
dependencies = [
 "backtrace",
 "failure_derive",
]

[[package]]
name = "failure_derive"
version = "0.1.5"
source = "registry+https://github.com/rust-lang/crates.io-index"
checksum = "ea1063915fd7ef4309e222a5a07cf9c319fb9c7836b1f89b85458672dbb127e1"
dependencies = [
 "proc-macro2 0.4.13",
 "quote 0.6.8",
 "syn 0.15.22",
 "synstructure",
]

[[package]]
name = "flate2"
version = "1.0.7"
source = "registry+https://github.com/rust-lang/crates.io-index"
checksum = "f87e68aa82b2de08a6e037f1385455759df6e445a8df5e005b4297191dbf18aa"
dependencies = [
 "crc32fast",
 "libc",
 "miniz_oxide_c_api",
]

[[package]]
name = "fnv"
version = "1.0.6"
source = "registry+https://github.com/rust-lang/crates.io-index"
checksum = "2fad85553e09a6f881f739c29f0b00b0f01357c743266d478b68951ce23285f3"

[[package]]
name = "foreign-types"
version = "0.3.2"
source = "registry+https://github.com/rust-lang/crates.io-index"
checksum = "f6f339eb8adc052cd2ca78910fda869aefa38d22d5cb648e6485e4d3fc06f3b1"
dependencies = [
 "foreign-types-shared",
]

[[package]]
name = "foreign-types-shared"
version = "0.1.1"
source = "registry+https://github.com/rust-lang/crates.io-index"
checksum = "00b0228411908ca8685dba7fc2cdd70ec9990a6e753e89b6ac91a84c40fbaf4b"

[[package]]
name = "fuchsia-cprng"
version = "0.1.0"
source = "registry+https://github.com/rust-lang/crates.io-index"
checksum = "81f7f8eb465745ea9b02e2704612a9946a59fa40572086c6fd49d6ddcf30bf31"

[[package]]
name = "fuchsia-zircon"
version = "0.3.3"
source = "registry+https://github.com/rust-lang/crates.io-index"
checksum = "2e9763c69ebaae630ba35f74888db465e49e259ba1bc0eda7d06f4a067615d82"
dependencies = [
 "bitflags",
 "fuchsia-zircon-sys",
]

[[package]]
name = "fuchsia-zircon-sys"
version = "0.3.3"
source = "registry+https://github.com/rust-lang/crates.io-index"
checksum = "3dcaa9ae7725d12cdb85b3ad99a434db70b468c09ded17e012d86b5c1010f7a7"

[[package]]
name = "futures"
version = "0.1.25"
source = "registry+https://github.com/rust-lang/crates.io-index"
checksum = "49e7653e374fe0d0c12de4250f0bdb60680b8c80eed558c5c7538eec9c89e21b"

[[package]]
name = "futures-cpupool"
version = "0.1.8"
source = "registry+https://github.com/rust-lang/crates.io-index"
checksum = "ab90cde24b3319636588d0c35fe03b1333857621051837ed769faefb4c2162e4"
dependencies = [
 "futures",
 "num_cpus",
]

[[package]]
name = "h2"
version = "0.1.16"
source = "registry+https://github.com/rust-lang/crates.io-index"
checksum = "ddb2b25a33e231484694267af28fec74ac63b5ccf51ee2065a5e313b834d836e"
dependencies = [
 "byteorder",
 "bytes",
 "fnv",
 "futures",
 "http",
 "indexmap",
 "log",
 "slab",
 "string",
 "tokio-io",
]

[[package]]
name = "http"
version = "0.1.15"
source = "registry+https://github.com/rust-lang/crates.io-index"
checksum = "1a10e5b573b9a0146545010f50772b9e8b1dd0a256564cc4307694c68832a2f5"
dependencies = [
 "bytes",
 "fnv",
 "itoa 0.4.3",
]

[[package]]
name = "httparse"
version = "1.2.4"
source = "registry+https://github.com/rust-lang/crates.io-index"
checksum = "c2f407128745b78abc95c0ffbe4e5d37427fdc0d45470710cfef8c44522a2e37"

[[package]]
name = "hyper"
version = "0.12.23"
source = "registry+https://github.com/rust-lang/crates.io-index"
checksum = "860faf61a9957c9cb0e23e69f1c8290e92f6eb660fcdd1f2d6777043a2ae1a46"
dependencies = [
 "bytes",
 "futures",
 "futures-cpupool",
 "h2",
 "http",
 "httparse",
 "iovec",
 "itoa 0.4.3",
 "log",
 "net2",
 "time",
 "tokio",
 "tokio-executor",
 "tokio-io",
 "tokio-reactor",
 "tokio-tcp",
 "tokio-threadpool",
 "tokio-timer",
 "want",
]

[[package]]
name = "hyper-tls"
version = "0.3.2"
source = "registry+https://github.com/rust-lang/crates.io-index"
checksum = "3a800d6aa50af4b5850b2b0f659625ce9504df908e9733b635720483be26174f"
dependencies = [
 "bytes",
 "futures",
 "hyper",
 "native-tls",
 "tokio-io",
]

[[package]]
name = "idna"
version = "0.1.5"
source = "registry+https://github.com/rust-lang/crates.io-index"
checksum = "38f09e0f0b1fb55fdee1f17470ad800da77af5186a1a76c026b679358b7e844e"
dependencies = [
 "matches",
 "unicode-bidi",
 "unicode-normalization",
]

[[package]]
name = "indexmap"
version = "1.0.2"
source = "registry+https://github.com/rust-lang/crates.io-index"
checksum = "7e81a7c05f79578dbc15793d8b619db9ba32b4577003ef3af1a91c416798c58d"

[[package]]
name = "iovec"
version = "0.1.2"
source = "registry+https://github.com/rust-lang/crates.io-index"
checksum = "dbe6e417e7d0975db6512b90796e8ce223145ac4e33c377e4a42882a0e88bb08"
dependencies = [
 "libc",
 "winapi 0.2.8",
]

[[package]]
name = "itoa"
version = "0.3.4"
source = "registry+https://github.com/rust-lang/crates.io-index"
checksum = "8324a32baf01e2ae060e9de58ed0bc2320c9a2833491ee36cd3b4c414de4db8c"

[[package]]
name = "itoa"
version = "0.4.3"
source = "registry+https://github.com/rust-lang/crates.io-index"
checksum = "1306f3464951f30e30d12373d31c79fbd52d236e5e896fd92f96ec7babbbe60b"

[[package]]
name = "kernel32-sys"
version = "0.2.2"
source = "registry+https://github.com/rust-lang/crates.io-index"
checksum = "7507624b29483431c0ba2d82aece8ca6cdba9382bff4ddd0f7490560c056098d"
dependencies = [
 "winapi 0.2.8",
 "winapi-build",
]

[[package]]
name = "lazy_static"
version = "1.2.0"
source = "registry+https://github.com/rust-lang/crates.io-index"
checksum = "a374c89b9db55895453a74c1e38861d9deec0b01b405a82516e9d5de4820dea1"

[[package]]
name = "lazycell"
version = "0.6.0"
source = "registry+https://github.com/rust-lang/crates.io-index"
checksum = "a6f08839bc70ef4a3fe1d566d5350f519c5912ea86be0df1740a7d247c7fc0ef"

[[package]]
name = "libc"
version = "0.2.48"
source = "registry+https://github.com/rust-lang/crates.io-index"
checksum = "e962c7641008ac010fa60a7dfdc1712449f29c44ef2d4702394aea943ee75047"

[[package]]
name = "lock_api"
version = "0.1.5"
source = "registry+https://github.com/rust-lang/crates.io-index"
checksum = "62ebf1391f6acad60e5c8b43706dde4582df75c06698ab44511d15016bc2442c"
dependencies = [
 "owning_ref",
 "scopeguard",
]

[[package]]
name = "log"
version = "0.4.6"
source = "registry+https://github.com/rust-lang/crates.io-index"
checksum = "c84ec4b527950aa83a329754b01dbe3f58361d1c5efacd1f6d68c494d08a17c6"
dependencies = [
 "cfg-if",
]

[[package]]
name = "matches"
version = "0.1.6"
source = "registry+https://github.com/rust-lang/crates.io-index"
checksum = "100aabe6b8ff4e4a7e32c1c13523379802df0772b82466207ac25b013f193376"

[[package]]
name = "memchr"
version = "2.2.0"
source = "registry+https://github.com/rust-lang/crates.io-index"
checksum = "2efc7bc57c883d4a4d6e3246905283d8dae951bb3bd32f49d6ef297f546e1c39"

[[package]]
name = "memoffset"
version = "0.2.1"
source = "registry+https://github.com/rust-lang/crates.io-index"
checksum = "0f9dc261e2b62d7a622bf416ea3c5245cdd5d9a7fcc428c0d06804dfce1775b3"

[[package]]
name = "mime"
version = "0.3.13"
source = "registry+https://github.com/rust-lang/crates.io-index"
checksum = "3e27ca21f40a310bd06d9031785f4801710d566c184a6e15bad4f1d9b65f9425"
dependencies = [
 "unicase",
]

[[package]]
name = "mime_guess"
version = "2.0.1"
source = "registry+https://github.com/rust-lang/crates.io-index"
checksum = "1a0ed03949aef72dbdf3116a383d7b38b4768e6f960528cd6a6044aa9ed68599"
dependencies = [
 "mime",
 "unicase",
]

[[package]]
name = "miniz_oxide"
version = "0.2.1"
source = "registry+https://github.com/rust-lang/crates.io-index"
checksum = "c468f2369f07d651a5d0bb2c9079f8488a66d5466efe42d0c5c6466edcb7f71e"
dependencies = [
 "adler32",
]

[[package]]
name = "miniz_oxide_c_api"
version = "0.2.1"
source = "registry+https://github.com/rust-lang/crates.io-index"
checksum = "b7fe927a42e3807ef71defb191dc87d4e24479b221e67015fe38ae2b7b447bab"
dependencies = [
 "cc",
 "crc",
 "libc",
 "miniz_oxide",
]

[[package]]
name = "mio"
version = "0.6.14"
source = "registry+https://github.com/rust-lang/crates.io-index"
checksum = "6d771e3ef92d58a8da8df7d6976bfca9371ed1de6619d9d5a5ce5b1f29b85bfe"
dependencies = [
 "fuchsia-zircon",
 "fuchsia-zircon-sys",
 "iovec",
 "kernel32-sys",
 "lazycell",
 "libc",
 "log",
 "miow",
 "net2",
 "slab",
 "winapi 0.2.8",
]

[[package]]
name = "miow"
version = "0.2.1"
source = "registry+https://github.com/rust-lang/crates.io-index"
checksum = "8c1f2f3b1cf331de6896aabf6e9d55dca90356cc9960cca7eaaf408a355ae919"
dependencies = [
 "kernel32-sys",
 "net2",
 "winapi 0.2.8",
 "ws2_32-sys",
]

[[package]]
name = "native-tls"
version = "0.2.2"
source = "registry+https://github.com/rust-lang/crates.io-index"
checksum = "ff8e08de0070bbf4c31f452ea2a70db092f36f6f2e4d897adf5674477d488fb2"
dependencies = [
 "lazy_static",
 "libc",
 "log",
 "openssl",
 "openssl-probe",
 "openssl-sys",
 "schannel",
 "security-framework",
 "security-framework-sys",
 "tempfile",
]

[[package]]
name = "net2"
version = "0.2.32"
source = "registry+https://github.com/rust-lang/crates.io-index"
checksum = "9044faf1413a1057267be51b5afba8eb1090bd2231c693664aa1db716fe1eae0"
dependencies = [
 "cfg-if",
 "libc",
 "winapi 0.3.8",
]

[[package]]
name = "nodrop"
version = "0.1.12"
source = "registry+https://github.com/rust-lang/crates.io-index"
checksum = "9a2228dca57108069a5262f2ed8bd2e82496d2e074a06d1ccc7ce1687b6ae0a2"

[[package]]
name = "num_cpus"
version = "1.8.0"
source = "registry+https://github.com/rust-lang/crates.io-index"
checksum = "c51a3322e4bca9d212ad9a158a02abc6934d005490c054a2778df73a70aa0a30"
dependencies = [
 "libc",
]

[[package]]
name = "openssl"
version = "0.10.16"
source = "registry+https://github.com/rust-lang/crates.io-index"
checksum = "ec7bd7ca4cce6dbdc77e7c1230682740d307d1218a87fb0349a571272be749f9"
dependencies = [
 "bitflags",
 "cfg-if",
 "foreign-types",
 "lazy_static",
 "libc",
 "openssl-sys",
]

[[package]]
name = "openssl-probe"
version = "0.1.2"
source = "registry+https://github.com/rust-lang/crates.io-index"
checksum = "77af24da69f9d9341038eba93a073b1fdaaa1b788221b00a69bce9e762cb32de"

[[package]]
name = "openssl-sys"
version = "0.9.40"
source = "registry+https://github.com/rust-lang/crates.io-index"
checksum = "1bb974e77de925ef426b6bc82fce15fd45bdcbeb5728bffcfc7cdeeb7ce1c2d6"
dependencies = [
 "cc",
 "libc",
 "pkg-config",
 "vcpkg",
]

[[package]]
name = "owning_ref"
version = "0.4.0"
source = "registry+https://github.com/rust-lang/crates.io-index"
checksum = "49a4b8ea2179e6a2e27411d3bca09ca6dd630821cf6894c6c7c8467a8ee7ef13"
dependencies = [
 "stable_deref_trait",
]

[[package]]
name = "parking_lot"
version = "0.7.1"
source = "registry+https://github.com/rust-lang/crates.io-index"
checksum = "ab41b4aed082705d1056416ae4468b6ea99d52599ecf3169b00088d43113e337"
dependencies = [
 "lock_api",
 "parking_lot_core",
]

[[package]]
name = "parking_lot_core"
version = "0.4.0"
source = "registry+https://github.com/rust-lang/crates.io-index"
checksum = "94c8c7923936b28d546dfd14d4472eaf34c99b14e1c973a32b3e6d4eb04298c9"
dependencies = [
 "libc",
 "rand",
 "rustc_version",
 "smallvec",
 "winapi 0.3.8",
]

[[package]]
name = "percent-encoding"
version = "1.0.1"
source = "registry+https://github.com/rust-lang/crates.io-index"
checksum = "31010dd2e1ac33d5b46a5b413495239882813e0369f8ed8a5e266f173602f831"

[[package]]
name = "pkg-config"
version = "0.3.11"
source = "registry+https://github.com/rust-lang/crates.io-index"
checksum = "110d5ee3593dbb73f56294327fe5668bcc997897097cbc76b51e7aed3f52452f"

[[package]]
name = "proc-macro2"
version = "0.4.13"
source = "registry+https://github.com/rust-lang/crates.io-index"
checksum = "ee5697238f0d893c7f0ecc59c0999f18d2af85e424de441178bcacc9f9e6cf67"
dependencies = [
 "unicode-xid 0.1.0",
]

[[package]]
name = "proc-macro2"
version = "1.0.24"
source = "registry+https://github.com/rust-lang/crates.io-index"
checksum = "1e0704ee1a7e00d7bb417d0770ea303c1bccbabf0ef1667dae92b5967f5f8a71"
dependencies = [
 "unicode-xid 0.2.0",
]

[[package]]
name = "publicsuffix"
version = "1.5.2"
source = "registry+https://github.com/rust-lang/crates.io-index"
checksum = "5afecba86dcf1e4fd610246f89899d1924fe12e1e89f555eb7c7f710f3c5ad1d"
dependencies = [
 "error-chain",
 "idna",
 "lazy_static",
 "regex",
 "url",
]

[[package]]
name = "quote"
version = "0.6.8"
source = "registry+https://github.com/rust-lang/crates.io-index"
checksum = "dd636425967c33af890042c483632d33fa7a18f19ad1d7ea72e8998c6ef8dea5"
dependencies = [
 "proc-macro2 0.4.13",
]

[[package]]
name = "quote"
version = "1.0.2"
source = "registry+https://github.com/rust-lang/crates.io-index"
checksum = "053a8c8bcc71fcce321828dc897a98ab9760bef03a4fc36693c231e5b3216cfe"
dependencies = [
 "proc-macro2 1.0.24",
]

[[package]]
name = "rand"
version = "0.6.5"
source = "registry+https://github.com/rust-lang/crates.io-index"
checksum = "6d71dacdc3c88c1fde3885a3be3fbab9f35724e6ce99467f7d9c5026132184ca"
dependencies = [
 "autocfg",
 "libc",
 "rand_chacha",
 "rand_core 0.4.0",
 "rand_hc",
 "rand_isaac",
 "rand_jitter",
 "rand_os",
 "rand_pcg",
 "rand_xorshift",
 "winapi 0.3.8",
]

[[package]]
name = "rand_chacha"
version = "0.1.1"
source = "registry+https://github.com/rust-lang/crates.io-index"
checksum = "556d3a1ca6600bfcbab7c7c91ccb085ac7fbbcd70e008a98742e7847f4f7bcef"
dependencies = [
 "autocfg",
 "rand_core 0.3.1",
]

[[package]]
name = "rand_core"
version = "0.3.1"
source = "registry+https://github.com/rust-lang/crates.io-index"
checksum = "7a6fdeb83b075e8266dcc8762c22776f6877a63111121f5f8c7411e5be7eed4b"
dependencies = [
 "rand_core 0.4.0",
]

[[package]]
name = "rand_core"
version = "0.4.0"
source = "registry+https://github.com/rust-lang/crates.io-index"
checksum = "d0e7a549d590831370895ab7ba4ea0c1b6b011d106b5ff2da6eee112615e6dc0"

[[package]]
name = "rand_hc"
version = "0.1.0"
source = "registry+https://github.com/rust-lang/crates.io-index"
checksum = "7b40677c7be09ae76218dc623efbf7b18e34bced3f38883af07bb75630a21bc4"
dependencies = [
 "rand_core 0.3.1",
]

[[package]]
name = "rand_isaac"
version = "0.1.1"
source = "registry+https://github.com/rust-lang/crates.io-index"
checksum = "ded997c9d5f13925be2a6fd7e66bf1872597f759fd9dd93513dd7e92e5a5ee08"
dependencies = [
 "rand_core 0.3.1",
]

[[package]]
name = "rand_jitter"
version = "0.1.2"
source = "registry+https://github.com/rust-lang/crates.io-index"
checksum = "080723c6145e37503a2224f801f252e14ac5531cb450f4502698542d188cb3c0"
dependencies = [
 "libc",
 "rand_core 0.4.0",
 "winapi 0.3.8",
]

[[package]]
name = "rand_os"
version = "0.1.2"
source = "registry+https://github.com/rust-lang/crates.io-index"
checksum = "b7c690732391ae0abafced5015ffb53656abfaec61b342290e5eb56b286a679d"
dependencies = [
 "cloudabi",
 "fuchsia-cprng",
 "libc",
 "rand_core 0.4.0",
 "rdrand",
 "winapi 0.3.8",
]

[[package]]
name = "rand_pcg"
version = "0.1.1"
source = "registry+https://github.com/rust-lang/crates.io-index"
checksum = "086bd09a33c7044e56bb44d5bdde5a60e7f119a9e95b0775f545de759a32fe05"
dependencies = [
 "rand_core 0.3.1",
 "rustc_version",
]

[[package]]
name = "rand_xorshift"
version = "0.1.1"
source = "registry+https://github.com/rust-lang/crates.io-index"
checksum = "cbf7e9e623549b0e21f6e97cf8ecf247c1a8fd2e8a992ae265314300b2455d5c"
dependencies = [
 "rand_core 0.3.1",
]

[[package]]
name = "rdrand"
version = "0.4.0"
source = "registry+https://github.com/rust-lang/crates.io-index"
checksum = "678054eb77286b51581ba43620cc911abf02758c91f93f479767aed0f90458b2"
dependencies = [
 "rand_core 0.3.1",
]

[[package]]
name = "redox_syscall"
version = "0.1.37"
source = "registry+https://github.com/rust-lang/crates.io-index"
checksum = "0d92eecebad22b767915e4d529f89f28ee96dbbf5a4810d2b844373f136417fd"

[[package]]
name = "regex"
version = "1.1.6"
source = "registry+https://github.com/rust-lang/crates.io-index"
checksum = "8f0a0bcab2fd7d1d7c54fa9eae6f43eddeb9ce2e7352f8518a814a4f65d60c58"
dependencies = [
 "aho-corasick",
 "memchr",
 "regex-syntax",
 "thread_local",
 "utf8-ranges",
]

[[package]]
name = "regex-syntax"
version = "0.6.6"
source = "registry+https://github.com/rust-lang/crates.io-index"
checksum = "dcfd8681eebe297b81d98498869d4aae052137651ad7b96822f09ceb690d0a96"
dependencies = [
 "ucd-util",
]

[[package]]
name = "remove_dir_all"
version = "0.5.1"
source = "registry+https://github.com/rust-lang/crates.io-index"
checksum = "3488ba1b9a2084d38645c4c08276a1752dcbf2c7130d74f1569681ad5d2799c5"
dependencies = [
 "winapi 0.3.8",
]

[[package]]
name = "reqwest"
version = "0.9.24"
source = "registry+https://github.com/rust-lang/crates.io-index"
checksum = "f88643aea3c1343c804950d7bf983bd2067f5ab59db6d613a08e05572f2714ab"
dependencies = [
 "base64",
 "bytes",
 "cookie",
 "cookie_store",
 "encoding_rs",
 "flate2",
 "futures",
 "http",
 "hyper",
 "hyper-tls",
 "log",
 "mime",
 "mime_guess",
 "native-tls",
 "serde",
 "serde_json",
 "serde_urlencoded",
 "time",
 "tokio",
 "tokio-executor",
 "tokio-io",
 "tokio-threadpool",
 "tokio-timer",
 "url",
 "uuid",
 "winreg",
]

[[package]]
name = "rustc-demangle"
version = "0.1.14"
source = "registry+https://github.com/rust-lang/crates.io-index"
checksum = "ccc78bfd5acd7bf3e89cffcf899e5cb1a52d6fafa8dec2739ad70c9577a57288"

[[package]]
name = "rustc_version"
version = "0.2.3"
source = "registry+https://github.com/rust-lang/crates.io-index"
checksum = "138e3e0acb6c9fb258b19b67cb8abd63c00679d2851805ea151465464fe9030a"
dependencies = [
 "semver",
]

[[package]]
name = "ryu"
version = "1.0.0"
source = "registry+https://github.com/rust-lang/crates.io-index"
checksum = "c92464b447c0ee8c4fb3824ecc8383b81717b9f1e74ba2e72540aef7b9f82997"

[[package]]
name = "schannel"
version = "0.1.14"
source = "registry+https://github.com/rust-lang/crates.io-index"
checksum = "0e1a231dc10abf6749cfa5d7767f25888d484201accbd919b66ab5413c502d56"
dependencies = [
 "lazy_static",
 "winapi 0.3.8",
]

[[package]]
name = "scopeguard"
version = "0.3.3"
source = "registry+https://github.com/rust-lang/crates.io-index"
checksum = "94258f53601af11e6a49f722422f6e3425c52b06245a5cf9bc09908b174f5e27"

[[package]]
name = "security-framework"
version = "0.2.2"
source = "registry+https://github.com/rust-lang/crates.io-index"
checksum = "bfab8dda0e7a327c696d893df9ffa19cadc4bd195797997f5223cf5831beaf05"
dependencies = [
 "core-foundation",
 "core-foundation-sys",
 "libc",
 "security-framework-sys",
]

[[package]]
name = "security-framework-sys"
version = "0.2.3"
source = "registry+https://github.com/rust-lang/crates.io-index"
checksum = "3d6696852716b589dff9e886ff83778bb635150168e83afa8ac6b8a78cb82abc"
dependencies = [
 "MacTypes-sys",
 "core-foundation-sys",
 "libc",
]

[[package]]
name = "semver"
version = "0.9.0"
source = "registry+https://github.com/rust-lang/crates.io-index"
checksum = "1d7eb9ef2c18661902cc47e535f9bc51b78acd254da71d375c2f6720d9a40403"
dependencies = [
 "semver-parser",
]

[[package]]
name = "semver-parser"
version = "0.7.0"
source = "registry+https://github.com/rust-lang/crates.io-index"
checksum = "388a1df253eca08550bef6c72392cfe7c30914bf41df5269b68cbd6ff8f570a3"

[[package]]
name = "serde"
version = "1.0.125"
source = "registry+https://github.com/rust-lang/crates.io-index"
checksum = "558dc50e1a5a5fa7112ca2ce4effcb321b0300c0d4ccf0776a9f60cd89031171"
dependencies = [
 "serde_derive",
]

[[package]]
name = "serde_derive"
version = "1.0.125"
source = "registry+https://github.com/rust-lang/crates.io-index"
checksum = "b093b7a2bb58203b5da3056c05b4ec1fed827dcfdb37347a8841695263b3d06d"
dependencies = [
 "proc-macro2 1.0.24",
 "quote 1.0.2",
 "syn 1.0.60",
]

[[package]]
name = "serde_json"
version = "1.0.64"
source = "registry+https://github.com/rust-lang/crates.io-index"
checksum = "799e97dc9fdae36a5c8b8f2cae9ce2ee9fdce2058c57a93e6099d919fd982f79"
dependencies = [
 "itoa 0.4.3",
 "ryu",
 "serde",
]

[[package]]
name = "serde_urlencoded"
version = "0.5.1"
source = "registry+https://github.com/rust-lang/crates.io-index"
checksum = "ce0fd303af908732989354c6f02e05e2e6d597152870f2c6990efb0577137480"
dependencies = [
 "dtoa",
 "itoa 0.3.4",
 "serde",
 "url",
]

[[package]]
name = "slab"
version = "0.4.2"
source = "registry+https://github.com/rust-lang/crates.io-index"
checksum = "c111b5bd5695e56cffe5129854aa230b39c93a305372fdbb2668ca2394eea9f8"

[[package]]
name = "smallvec"
version = "0.6.10"
source = "registry+https://github.com/rust-lang/crates.io-index"
checksum = "ab606a9c5e214920bb66c458cd7be8ef094f813f20fe77a54cc7dbfff220d4b7"

[[package]]
name = "ssh-auth-github"
version = "0.1.0"
dependencies = [
 "reqwest",
 "serde",
 "serde_derive",
 "serde_json",
]

[[package]]
name = "stable_deref_trait"
version = "1.1.1"
source = "registry+https://github.com/rust-lang/crates.io-index"
checksum = "dba1a27d3efae4351c8051072d619e3ade2820635c3958d826bfea39d59b54c8"

[[package]]
name = "string"
version = "0.1.3"
source = "registry+https://github.com/rust-lang/crates.io-index"
checksum = "b639411d0b9c738748b5397d5ceba08e648f4f1992231aa859af1a017f31f60b"

[[package]]
name = "syn"
version = "0.15.22"
source = "registry+https://github.com/rust-lang/crates.io-index"
checksum = "ae8b29eb5210bc5cf63ed6149cbf9adfc82ac0be023d8735c176ee74a2db4da7"
dependencies = [
 "proc-macro2 0.4.13",
 "quote 0.6.8",
 "unicode-xid 0.1.0",
]

[[package]]
name = "syn"
version = "1.0.60"
source = "registry+https://github.com/rust-lang/crates.io-index"
checksum = "c700597eca8a5a762beb35753ef6b94df201c81cca676604f547495a0d7f0081"
dependencies = [
 "proc-macro2 1.0.24",
 "quote 1.0.2",
 "unicode-xid 0.2.0",
]

[[package]]
name = "synstructure"
version = "0.10.1"
source = "registry+https://github.com/rust-lang/crates.io-index"
checksum = "73687139bf99285483c96ac0add482c3776528beac1d97d444f6e91f203a2015"
dependencies = [
 "proc-macro2 0.4.13",
 "quote 0.6.8",
 "syn 0.15.22",
 "unicode-xid 0.1.0",
]

[[package]]
name = "tempfile"
version = "3.0.5"
source = "registry+https://github.com/rust-lang/crates.io-index"
checksum = "7e91405c14320e5c79b3d148e1c86f40749a36e490642202a31689cb1a3452b2"
dependencies = [
 "cfg-if",
 "libc",
 "rand",
 "redox_syscall",
 "remove_dir_all",
 "winapi 0.3.8",
]

[[package]]
name = "thread_local"
version = "0.3.6"
source = "registry+https://github.com/rust-lang/crates.io-index"
checksum = "c6b53e329000edc2b34dbe8545fd20e55a333362d0a321909685a19bd28c3f1b"
dependencies = [
 "lazy_static",
]

[[package]]
name = "time"
version = "0.1.42"
source = "registry+https://github.com/rust-lang/crates.io-index"
checksum = "db8dcfca086c1143c9270ac42a2bbd8a7ee477b78ac8e45b19abfb0cbede4b6f"
dependencies = [
 "libc",
 "redox_syscall",
 "winapi 0.3.8",
]

[[package]]
name = "tokio"
version = "0.1.15"
source = "registry+https://github.com/rust-lang/crates.io-index"
checksum = "e0500b88064f08bebddd0c0bed39e19f5c567a5f30975bee52b0c0d3e2eeb38c"
dependencies = [
 "bytes",
 "futures",
 "mio",
 "num_cpus",
 "tokio-current-thread",
 "tokio-executor",
 "tokio-io",
 "tokio-reactor",
 "tokio-tcp",
 "tokio-threadpool",
 "tokio-timer",
]

[[package]]
name = "tokio-current-thread"
version = "0.1.4"
source = "registry+https://github.com/rust-lang/crates.io-index"
checksum = "331c8acc267855ec06eb0c94618dcbbfea45bed2d20b77252940095273fb58f6"
dependencies = [
 "futures",
 "tokio-executor",
]

[[package]]
name = "tokio-executor"
version = "0.1.6"
source = "registry+https://github.com/rust-lang/crates.io-index"
checksum = "30c6dbf2d1ad1de300b393910e8a3aa272b724a400b6531da03eed99e329fbf0"
dependencies = [
 "crossbeam-utils",
 "futures",
]

[[package]]
name = "tokio-io"
version = "0.1.6"
source = "registry+https://github.com/rust-lang/crates.io-index"
checksum = "6af9eb326f64b2d6b68438e1953341e00ab3cf54de7e35d92bfc73af8555313a"
dependencies = [
 "bytes",
 "futures",
 "log",
]

[[package]]
name = "tokio-reactor"
version = "0.1.1"
source = "registry+https://github.com/rust-lang/crates.io-index"
checksum = "b3cedc8e5af5131dc3423ffa4f877cce78ad25259a9a62de0613735a13ebc64b"
dependencies = [
 "futures",
 "log",
 "mio",
 "slab",
 "tokio-executor",
 "tokio-io",
]

[[package]]
name = "tokio-tcp"
version = "0.1.0"
source = "registry+https://github.com/rust-lang/crates.io-index"
checksum = "ec9b094851aadd2caf83ba3ad8e8c4ce65a42104f7b94d9e6550023f0407853f"
dependencies = [
 "bytes",
 "futures",
 "iovec",
 "mio",
 "tokio-io",
 "tokio-reactor",
]

[[package]]
name = "tokio-threadpool"
version = "0.1.11"
source = "registry+https://github.com/rust-lang/crates.io-index"
checksum = "c3fd86cb15547d02daa2b21aadaf4e37dee3368df38a526178a5afa3c034d2fb"
dependencies = [
 "crossbeam",
 "crossbeam-channel",
 "crossbeam-deque",
 "crossbeam-utils",
 "futures",
 "log",
 "num_cpus",
 "rand",
 "slab",
 "tokio-executor",
]

[[package]]
name = "tokio-timer"
version = "0.2.9"
source = "registry+https://github.com/rust-lang/crates.io-index"
checksum = "21c04a314a1f69f73c0227beba6250e06cdc1e9a62e7eff912bf54a59b6d1b94"
dependencies = [
 "crossbeam-utils",
 "futures",
 "slab",
 "tokio-executor",
]

[[package]]
name = "try-lock"
version = "0.2.2"
source = "registry+https://github.com/rust-lang/crates.io-index"
checksum = "e604eb7b43c06650e854be16a2a03155743d3752dd1c943f6829e26b7a36e382"

[[package]]
name = "try_from"
version = "0.3.2"
source = "registry+https://github.com/rust-lang/crates.io-index"
checksum = "283d3b89e1368717881a9d51dad843cc435380d8109c9e47d38780a324698d8b"
dependencies = [
 "cfg-if",
]

[[package]]
name = "ucd-util"
version = "0.1.3"
source = "registry+https://github.com/rust-lang/crates.io-index"
checksum = "535c204ee4d8434478593480b8f86ab45ec9aae0e83c568ca81abf0fd0e88f86"

[[package]]
name = "unicase"
version = "2.5.1"
source = "registry+https://github.com/rust-lang/crates.io-index"
checksum = "2e2e6bd1e59e56598518beb94fd6db628ded570326f0a98c679a304bd9f00150"
dependencies = [
 "version_check",
]

[[package]]
name = "unicode-bidi"
version = "0.3.4"
source = "registry+https://github.com/rust-lang/crates.io-index"
checksum = "49f2bd0c6468a8230e1db229cff8029217cf623c767ea5d60bfbd42729ea54d5"
dependencies = [
 "matches",
]

[[package]]
name = "unicode-normalization"
version = "0.1.5"
source = "registry+https://github.com/rust-lang/crates.io-index"
checksum = "51ccda9ef9efa3f7ef5d91e8f9b83bbe6955f9bf86aec89d5cce2c874625920f"

[[package]]
name = "unicode-xid"
version = "0.1.0"
source = "registry+https://github.com/rust-lang/crates.io-index"
checksum = "fc72304796d0818e357ead4e000d19c9c174ab23dc11093ac919054d20a6a7fc"

[[package]]
name = "unicode-xid"
version = "0.2.0"
source = "registry+https://github.com/rust-lang/crates.io-index"
checksum = "826e7639553986605ec5979c7dd957c7895e93eabed50ab2ffa7f6128a75097c"

[[package]]
name = "url"
version = "1.7.2"
source = "registry+https://github.com/rust-lang/crates.io-index"
checksum = "dd4e7c0d531266369519a4aa4f399d748bd37043b00bde1e4ff1f60a120b355a"
dependencies = [
 "idna",
 "matches",
 "percent-encoding",
]

[[package]]
name = "utf8-ranges"
version = "1.0.2"
source = "registry+https://github.com/rust-lang/crates.io-index"
checksum = "796f7e48bef87609f7ade7e06495a87d5cd06c7866e6a5cbfceffc558a243737"

[[package]]
name = "uuid"
version = "0.7.2"
source = "registry+https://github.com/rust-lang/crates.io-index"
checksum = "0238db0c5b605dd1cf51de0f21766f97fba2645897024461d6a00c036819a768"
dependencies = [
 "rand",
]

[[package]]
name = "vcpkg"
version = "0.2.3"
source = "registry+https://github.com/rust-lang/crates.io-index"
checksum = "7ed0f6789c8a85ca41bbc1c9d175422116a9869bd1cf31bb08e1493ecce60380"

[[package]]
name = "version_check"
version = "0.1.3"
source = "registry+https://github.com/rust-lang/crates.io-index"
checksum = "6b772017e347561807c1aa192438c5fd74242a670a6cffacc40f2defd1dc069d"

[[package]]
name = "want"
version = "0.0.6"
source = "registry+https://github.com/rust-lang/crates.io-index"
checksum = "797464475f30ddb8830cc529aaaae648d581f99e2036a928877dfde027ddf6b3"
dependencies = [
 "futures",
 "log",
 "try-lock",
]

[[package]]
name = "winapi"
version = "0.2.8"
source = "registry+https://github.com/rust-lang/crates.io-index"
checksum = "167dc9d6949a9b857f3451275e911c3f44255842c1f7a76f33c55103a909087a"

[[package]]
name = "winapi"
version = "0.3.8"
source = "registry+https://github.com/rust-lang/crates.io-index"
checksum = "8093091eeb260906a183e6ae1abdba2ef5ef2257a21801128899c3fc699229c6"
dependencies = [
 "winapi-i686-pc-windows-gnu",
 "winapi-x86_64-pc-windows-gnu",
]

[[package]]
name = "winapi-build"
version = "0.1.1"
source = "registry+https://github.com/rust-lang/crates.io-index"
checksum = "2d315eee3b34aca4797b2da6b13ed88266e6d612562a0c46390af8299fc699bc"

[[package]]
name = "winapi-i686-pc-windows-gnu"
version = "0.4.0"
source = "registry+https://github.com/rust-lang/crates.io-index"
checksum = "ac3b87c63620426dd9b991e5ce0329eff545bccbbb34f3be09ff6fb6ab51b7b6"

[[package]]
name = "winapi-x86_64-pc-windows-gnu"
version = "0.4.0"
source = "registry+https://github.com/rust-lang/crates.io-index"
checksum = "712e227841d057c1ee1cd2fb22fa7e5a5461ae8e48fa2ca79ec42cfc1931183f"

[[package]]
name = "winreg"
version = "0.6.2"
source = "registry+https://github.com/rust-lang/crates.io-index"
checksum = "b2986deb581c4fe11b621998a5e53361efe6b48a151178d0cd9eeffa4dc6acc9"
dependencies = [
 "winapi 0.3.8",
]

[[package]]
name = "ws2_32-sys"
version = "0.2.1"
source = "registry+https://github.com/rust-lang/crates.io-index"
checksum = "d59cefebd0c892fa2dd6de581e937301d8552cb44489cdff035c6187cb63fa5e"
dependencies = [
 "winapi 0.2.8",
 "winapi-build",
]
